
Microsoft Visual Studio Solution File, Format Version 12.00
# Visual Studio Version 16
VisualStudioVersion = 16.0.31321.278
MinimumVisualStudioVersion = 10.0.40219.1
Project("{9A19103F-16F7-4668-BE54-9A1E7A4F7556}") = "Portal Copa Test Aut", "Portal Copa Test Aut\Portal Copa Test Aut.csproj", "{B4B8996E-3C67-44E1-B636-2DC8224F88B1}"
EndProject
Global
	GlobalSection(SolutionConfigurationPlatforms) = preSolution
		Debug|Any CPU = Debug|Any CPU
		Release|Any CPU = Release|Any CPU
	EndGlobalSection
	GlobalSection(ProjectConfigurationPlatforms) = postSolution
		{B4B8996E-3C67-44E1-B636-2DC8224F88B1}.Debug|Any CPU.ActiveCfg = Debug|Any CPU
		{B4B8996E-3C67-44E1-B636-2DC8224F88B1}.Debug|Any CPU.Build.0 = Debug|Any CPU
		{B4B8996E-3C67-44E1-B636-2DC8224F88B1}.Release|Any CPU.ActiveCfg = Release|Any CPU
		{B4B8996E-3C67-44E1-B636-2DC8224F88B1}.Release|Any CPU.Build.0 = Release|Any CPU
	EndGlobalSection
	GlobalSection(SolutionProperties) = preSolution
		HideSolutionNode = FALSE
	EndGlobalSection
	GlobalSection(ExtensibilityGlobals) = postSolution
		SolutionGuid = {17DFD283-74D9-4A6E-A361-DDECBA1DDE92}
	EndGlobalSection
EndGlobal
